// !$*UTF8*$!
{
	archiveVersion = 1;
	classes = {
	};
	objectVersion = 52;
	objects = {

/* Begin PBXBuildFile section */
		3F2EAC882738E85700FCE80B /* AricaDesignTest.swift in Sources */ = {isa = PBXBuildFile; fileRef = 3F2EAC872738E85700FCE80B /* AricaDesignTest.swift */; };
		3F4B9E112745ABE200B546B4 /* MoreView.swift in Sources */ = {isa = PBXBuildFile; fileRef = 3F4B9E102745ABE100B546B4 /* MoreView.swift */; };
		3F4B9E132745B13500B546B4 /* SettingsView.swift in Sources */ = {isa = PBXBuildFile; fileRef = 3F4B9E122745B13500B546B4 /* SettingsView.swift */; };
		3F52D04527421ADB00463B3A /* SignInOrCreateAccountScreen.swift in Sources */ = {isa = PBXBuildFile; fileRef = 3F52D04427421ADB00463B3A /* SignInOrCreateAccountScreen.swift */; };
		3F6BC35F2761508A0004B173 /* EventHandler.swift in Sources */ = {isa = PBXBuildFile; fileRef = 3F6BC35E2761508A0004B173 /* EventHandler.swift */; };
		3FA5AA9E274EC9F3003591DA /* MapView.swift in Sources */ = {isa = PBXBuildFile; fileRef = 3FA5AA9D274EC9F3003591DA /* MapView.swift */; };
		3FF1A2B527261FEC0041E4AA /* EventView.swift in Sources */ = {isa = PBXBuildFile; fileRef = 3FF1A2B427261FEC0041E4AA /* EventView.swift */; };
		3FF1A2B927262C140041E4AA /* TabTest.swift in Sources */ = {isa = PBXBuildFile; fileRef = 3FF1A2B827262C140041E4AA /* TabTest.swift */; };
		3FF1A2BD273070D80041E4AA /* MapViewModel.swift in Sources */ = {isa = PBXBuildFile; fileRef = 3FF1A2BC273070D80041E4AA /* MapViewModel.swift */; };
		5F2FF4EA2765257200931A18 /* AddShoutOut.swift in Sources */ = {isa = PBXBuildFile; fileRef = 5F2FF4E92765257200931A18 /* AddShoutOut.swift */; };
		5F332619274F0CDB0032F259 /* ImagePicker.swift in Sources */ = {isa = PBXBuildFile; fileRef = 5F332618274F0CDB0032F259 /* ImagePicker.swift */; };
		5F33261B274F0D570032F259 /* ProfileView.swift in Sources */ = {isa = PBXBuildFile; fileRef = 5F33261A274F0D570032F259 /* ProfileView.swift */; };
		5F4FF93E2720F40200365296 /* Her_Tech_ConnectApp.swift in Sources */ = {isa = PBXBuildFile; fileRef = 5F4FF93D2720F40200365296 /* Her_Tech_ConnectApp.swift */; };
		5F4FF9402720F40200365296 /* ContentView.swift in Sources */ = {isa = PBXBuildFile; fileRef = 5F4FF93F2720F40200365296 /* ContentView.swift */; };
		5F4FF9422720F40400365296 /* Assets.xcassets in Resources */ = {isa = PBXBuildFile; fileRef = 5F4FF9412720F40400365296 /* Assets.xcassets */; };
		5F4FF9452720F40400365296 /* Preview Assets.xcassets in Resources */ = {isa = PBXBuildFile; fileRef = 5F4FF9442720F40400365296 /* Preview Assets.xcassets */; };
		5F4FF94D2720F48100365296 /* GoogleService-Info.plist in Resources */ = {isa = PBXBuildFile; fileRef = 5F4FF94C2720F48100365296 /* GoogleService-Info.plist */; };
		5F5702942747356B00C24AD9 /* ConnectionView.swift in Sources */ = {isa = PBXBuildFile; fileRef = 5F5702932747356B00C24AD9 /* ConnectionView.swift */; };
		5F57029627473A2200C24AD9 /* ConnectionCard.swift in Sources */ = {isa = PBXBuildFile; fileRef = 5F57029527473A2200C24AD9 /* ConnectionCard.swift */; };
		5F9CDF442738653E009165D2 /* NetworkView.swift in Sources */ = {isa = PBXBuildFile; fileRef = 5F9CDF432738653E009165D2 /* NetworkView.swift */; };
		5F9CDF46273867F1009165D2 /* UserCard.swift in Sources */ = {isa = PBXBuildFile; fileRef = 5F9CDF45273867F1009165D2 /* UserCard.swift */; };
		5F9CDF4827386A47009165D2 /* RoundedImage.swift in Sources */ = {isa = PBXBuildFile; fileRef = 5F9CDF4727386A47009165D2 /* RoundedImage.swift */; };
		5F9CDF4A2738A255009165D2 /* MessageView.swift in Sources */ = {isa = PBXBuildFile; fileRef = 5F9CDF492738A255009165D2 /* MessageView.swift */; };
		5F9CDF4C2738AD23009165D2 /* ImageButton.swift in Sources */ = {isa = PBXBuildFile; fileRef = 5F9CDF4B2738AD23009165D2 /* ImageButton.swift */; };
		5FE67EC427418CBE00F67451 /* Message.swift in Sources */ = {isa = PBXBuildFile; fileRef = 5FE67EC327418CBE00F67451 /* Message.swift */; };
		5FE67EC62741965800F67451 /* Chat.swift in Sources */ = {isa = PBXBuildFile; fileRef = 5FE67EC52741965800F67451 /* Chat.swift */; };
		5FE67EC82741B04E00F67451 /* MessageBubble.swift in Sources */ = {isa = PBXBuildFile; fileRef = 5FE67EC72741B04E00F67451 /* MessageBubble.swift */; };
		5FEFD541272240E3009D31F6 /* LoginPage.swift in Sources */ = {isa = PBXBuildFile; fileRef = 5FEFD540272240E3009D31F6 /* LoginPage.swift */; };
		5FEFD5442723840C009D31F6 /* FirebaseInstallations in Frameworks */ = {isa = PBXBuildFile; productRef = 5FEFD5432723840C009D31F6 /* FirebaseInstallations */; };
		5FEFD5462723840C009D31F6 /* FirebaseInAppMessagingSwift-Beta in Frameworks */ = {isa = PBXBuildFile; productRef = 5FEFD5452723840C009D31F6 /* FirebaseInAppMessagingSwift-Beta */; };
		5FEFD5482723840C009D31F6 /* FirebaseMessaging in Frameworks */ = {isa = PBXBuildFile; productRef = 5FEFD5472723840C009D31F6 /* FirebaseMessaging */; };
		5FEFD54A2723840C009D31F6 /* FirebaseMLModelDownloader in Frameworks */ = {isa = PBXBuildFile; productRef = 5FEFD5492723840C009D31F6 /* FirebaseMLModelDownloader */; };
		5FEFD54C2723840C009D31F6 /* FirebaseStorage in Frameworks */ = {isa = PBXBuildFile; productRef = 5FEFD54B2723840C009D31F6 /* FirebaseStorage */; };
		5FEFD54E2723840C009D31F6 /* FirebaseAuth in Frameworks */ = {isa = PBXBuildFile; productRef = 5FEFD54D2723840C009D31F6 /* FirebaseAuth */; };
		5FEFD5502723840C009D31F6 /* FirebaseAnalytics in Frameworks */ = {isa = PBXBuildFile; productRef = 5FEFD54F2723840C009D31F6 /* FirebaseAnalytics */; };
		5FEFD5522723840C009D31F6 /* FirebaseFirestore in Frameworks */ = {isa = PBXBuildFile; productRef = 5FEFD5512723840C009D31F6 /* FirebaseFirestore */; };
		5FEFD5542723840C009D31F6 /* FirebaseDatabase in Frameworks */ = {isa = PBXBuildFile; productRef = 5FEFD5532723840C009D31F6 /* FirebaseDatabase */; };
		5FEFD5562723840C009D31F6 /* FirebaseFunctions in Frameworks */ = {isa = PBXBuildFile; productRef = 5FEFD5552723840C009D31F6 /* FirebaseFunctions */; };
		5FEFD5582723840C009D31F6 /* FirebaseCrashlytics in Frameworks */ = {isa = PBXBuildFile; productRef = 5FEFD5572723840C009D31F6 /* FirebaseCrashlytics */; };
		5FEFD55A2723840C009D31F6 /* FirebasePerformance in Frameworks */ = {isa = PBXBuildFile; productRef = 5FEFD5592723840C009D31F6 /* FirebasePerformance */; };
		5FEFD55C2723840C009D31F6 /* FirebaseRemoteConfig in Frameworks */ = {isa = PBXBuildFile; productRef = 5FEFD55B2723840C009D31F6 /* FirebaseRemoteConfig */; };
		5FEFD55F2723917C009D31F6 /* RegisterPage.swift in Sources */ = {isa = PBXBuildFile; fileRef = 5FEFD55E2723917C009D31F6 /* RegisterPage.swift */; };
		5FEFD56127247D79009D31F6 /* AuthViewModel.swift in Sources */ = {isa = PBXBuildFile; fileRef = 5FEFD56027247D79009D31F6 /* AuthViewModel.swift */; };
		5FEFD56327248F36009D31F6 /* HomePage.swift in Sources */ = {isa = PBXBuildFile; fileRef = 5FEFD56227248F36009D31F6 /* HomePage.swift */; };
		5FEFD56627277F4C009D31F6 /* UserHandler.swift in Sources */ = {isa = PBXBuildFile; fileRef = 5FEFD56527277F4C009D31F6 /* UserHandler.swift */; };
		5FEFD56927278010009D31F6 /* User.swift in Sources */ = {isa = PBXBuildFile; fileRef = 5FEFD56827278010009D31F6 /* User.swift */; };
		5FEFD56B2728B073009D31F6 /* ResetPasswordPage.swift in Sources */ = {isa = PBXBuildFile; fileRef = 5FEFD56A2728B073009D31F6 /* ResetPasswordPage.swift */; };
		5FFB5E76276041C900DB62C4 /* ShoutOutCard.swift in Sources */ = {isa = PBXBuildFile; fileRef = 5FFB5E75276041C900DB62C4 /* ShoutOutCard.swift */; };
		5FFB5E782760442000DB62C4 /* ShoutOutView.swift in Sources */ = {isa = PBXBuildFile; fileRef = 5FFB5E772760441E00DB62C4 /* ShoutOutView.swift */; };
/* End PBXBuildFile section */

/* Begin PBXFileReference section */
		3F2EAC872738E85700FCE80B /* AricaDesignTest.swift */ = {isa = PBXFileReference; lastKnownFileType = sourcecode.swift; path = AricaDesignTest.swift; sourceTree = "<group>"; };
		3F4B9E102745ABE100B546B4 /* MoreView.swift */ = {isa = PBXFileReference; lastKnownFileType = sourcecode.swift; name = MoreView.swift; path = "Her-Tech-Connect/More/MoreView.swift"; sourceTree = SOURCE_ROOT; };
		3F4B9E122745B13500B546B4 /* SettingsView.swift */ = {isa = PBXFileReference; lastKnownFileType = sourcecode.swift; path = SettingsView.swift; sourceTree = "<group>"; };
		3F52D04427421ADB00463B3A /* SignInOrCreateAccountScreen.swift */ = {isa = PBXFileReference; lastKnownFileType = sourcecode.swift; path = SignInOrCreateAccountScreen.swift; sourceTree = "<group>"; };
		3F6BC35E2761508A0004B173 /* EventHandler.swift */ = {isa = PBXFileReference; lastKnownFileType = sourcecode.swift; path = EventHandler.swift; sourceTree = "<group>"; };
		3FA5AA9D274EC9F3003591DA /* MapView.swift */ = {isa = PBXFileReference; lastKnownFileType = sourcecode.swift; path = MapView.swift; sourceTree = "<group>"; };
		3FF1A2B427261FEC0041E4AA /* EventView.swift */ = {isa = PBXFileReference; lastKnownFileType = sourcecode.swift; path = EventView.swift; sourceTree = "<group>"; };
		3FF1A2B827262C140041E4AA /* TabTest.swift */ = {isa = PBXFileReference; lastKnownFileType = sourcecode.swift; path = TabTest.swift; sourceTree = "<group>"; };
		3FF1A2BC273070D80041E4AA /* MapViewModel.swift */ = {isa = PBXFileReference; lastKnownFileType = sourcecode.swift; path = MapViewModel.swift; sourceTree = "<group>"; };
		5F2FF4E92765257200931A18 /* AddShoutOut.swift */ = {isa = PBXFileReference; lastKnownFileType = sourcecode.swift; path = AddShoutOut.swift; sourceTree = "<group>"; };
		5F332618274F0CDB0032F259 /* ImagePicker.swift */ = {isa = PBXFileReference; lastKnownFileType = sourcecode.swift; path = ImagePicker.swift; sourceTree = "<group>"; };
		5F33261A274F0D570032F259 /* ProfileView.swift */ = {isa = PBXFileReference; lastKnownFileType = sourcecode.swift; path = ProfileView.swift; sourceTree = "<group>"; };
		5F4FF93A2720F40200365296 /* Her-Tech-Connect.app */ = {isa = PBXFileReference; explicitFileType = wrapper.application; includeInIndex = 0; path = "Her-Tech-Connect.app"; sourceTree = BUILT_PRODUCTS_DIR; };
		5F4FF93D2720F40200365296 /* Her_Tech_ConnectApp.swift */ = {isa = PBXFileReference; lastKnownFileType = sourcecode.swift; path = Her_Tech_ConnectApp.swift; sourceTree = "<group>"; };
		5F4FF93F2720F40200365296 /* ContentView.swift */ = {isa = PBXFileReference; lastKnownFileType = sourcecode.swift; path = ContentView.swift; sourceTree = "<group>"; };
		5F4FF9412720F40400365296 /* Assets.xcassets */ = {isa = PBXFileReference; lastKnownFileType = folder.assetcatalog; path = Assets.xcassets; sourceTree = "<group>"; };
		5F4FF9442720F40400365296 /* Preview Assets.xcassets */ = {isa = PBXFileReference; lastKnownFileType = folder.assetcatalog; path = "Preview Assets.xcassets"; sourceTree = "<group>"; };
		5F4FF9462720F40400365296 /* Info.plist */ = {isa = PBXFileReference; lastKnownFileType = text.plist.xml; path = Info.plist; sourceTree = "<group>"; };
		5F4FF94C2720F48100365296 /* GoogleService-Info.plist */ = {isa = PBXFileReference; fileEncoding = 4; lastKnownFileType = text.plist.xml; name = "GoogleService-Info.plist"; path = "../../../../Downloads/GoogleService-Info.plist"; sourceTree = "<group>"; };
		5F5702932747356B00C24AD9 /* ConnectionView.swift */ = {isa = PBXFileReference; lastKnownFileType = sourcecode.swift; path = ConnectionView.swift; sourceTree = "<group>"; };
		5F57029527473A2200C24AD9 /* ConnectionCard.swift */ = {isa = PBXFileReference; lastKnownFileType = sourcecode.swift; path = ConnectionCard.swift; sourceTree = "<group>"; };
		5F9CDF432738653E009165D2 /* NetworkView.swift */ = {isa = PBXFileReference; lastKnownFileType = sourcecode.swift; path = NetworkView.swift; sourceTree = "<group>"; };
		5F9CDF45273867F1009165D2 /* UserCard.swift */ = {isa = PBXFileReference; lastKnownFileType = sourcecode.swift; path = UserCard.swift; sourceTree = "<group>"; };
		5F9CDF4727386A47009165D2 /* RoundedImage.swift */ = {isa = PBXFileReference; lastKnownFileType = sourcecode.swift; path = RoundedImage.swift; sourceTree = "<group>"; };
		5F9CDF492738A255009165D2 /* MessageView.swift */ = {isa = PBXFileReference; lastKnownFileType = sourcecode.swift; path = MessageView.swift; sourceTree = "<group>"; };
		5F9CDF4B2738AD23009165D2 /* ImageButton.swift */ = {isa = PBXFileReference; lastKnownFileType = sourcecode.swift; path = ImageButton.swift; sourceTree = "<group>"; };
		5FE67EC327418CBE00F67451 /* Message.swift */ = {isa = PBXFileReference; lastKnownFileType = sourcecode.swift; path = Message.swift; sourceTree = "<group>"; };
		5FE67EC52741965800F67451 /* Chat.swift */ = {isa = PBXFileReference; lastKnownFileType = sourcecode.swift; path = Chat.swift; sourceTree = "<group>"; };
		5FE67EC72741B04E00F67451 /* MessageBubble.swift */ = {isa = PBXFileReference; lastKnownFileType = sourcecode.swift; path = MessageBubble.swift; sourceTree = "<group>"; };
		5FEFD540272240E3009D31F6 /* LoginPage.swift */ = {isa = PBXFileReference; lastKnownFileType = sourcecode.swift; path = LoginPage.swift; sourceTree = "<group>"; };
		5FEFD55E2723917C009D31F6 /* RegisterPage.swift */ = {isa = PBXFileReference; lastKnownFileType = sourcecode.swift; path = RegisterPage.swift; sourceTree = "<group>"; };
		5FEFD56027247D79009D31F6 /* AuthViewModel.swift */ = {isa = PBXFileReference; lastKnownFileType = sourcecode.swift; path = AuthViewModel.swift; sourceTree = "<group>"; };
		5FEFD56227248F36009D31F6 /* HomePage.swift */ = {isa = PBXFileReference; lastKnownFileType = sourcecode.swift; path = HomePage.swift; sourceTree = "<group>"; };
		5FEFD56527277F4C009D31F6 /* UserHandler.swift */ = {isa = PBXFileReference; lastKnownFileType = sourcecode.swift; path = UserHandler.swift; sourceTree = "<group>"; };
		5FEFD56827278010009D31F6 /* User.swift */ = {isa = PBXFileReference; lastKnownFileType = sourcecode.swift; path = User.swift; sourceTree = "<group>"; };
		5FEFD56A2728B073009D31F6 /* ResetPasswordPage.swift */ = {isa = PBXFileReference; lastKnownFileType = sourcecode.swift; path = ResetPasswordPage.swift; sourceTree = "<group>"; };
		5FFB5E75276041C900DB62C4 /* ShoutOutCard.swift */ = {isa = PBXFileReference; lastKnownFileType = sourcecode.swift; path = ShoutOutCard.swift; sourceTree = "<group>"; };
		5FFB5E772760441E00DB62C4 /* ShoutOutView.swift */ = {isa = PBXFileReference; lastKnownFileType = sourcecode.swift; path = ShoutOutView.swift; sourceTree = "<group>"; };
/* End PBXFileReference section */

/* Begin PBXFrameworksBuildPhase section */
		5F4FF9372720F40200365296 /* Frameworks */ = {
			isa = PBXFrameworksBuildPhase;
			buildActionMask = 2147483647;
			files = (
				5FEFD5502723840C009D31F6 /* FirebaseAnalytics in Frameworks */,
				5FEFD5482723840C009D31F6 /* FirebaseMessaging in Frameworks */,
				5FEFD55A2723840C009D31F6 /* FirebasePerformance in Frameworks */,
				5FEFD54E2723840C009D31F6 /* FirebaseAuth in Frameworks */,
				5FEFD5462723840C009D31F6 /* FirebaseInAppMessagingSwift-Beta in Frameworks */,
				5FEFD5442723840C009D31F6 /* FirebaseInstallations in Frameworks */,
				5FEFD5582723840C009D31F6 /* FirebaseCrashlytics in Frameworks */,
				5FEFD5522723840C009D31F6 /* FirebaseFirestore in Frameworks */,
				5FEFD5542723840C009D31F6 /* FirebaseDatabase in Frameworks */,
				5FEFD5562723840C009D31F6 /* FirebaseFunctions in Frameworks */,
				5FEFD55C2723840C009D31F6 /* FirebaseRemoteConfig in Frameworks */,
				5FEFD54C2723840C009D31F6 /* FirebaseStorage in Frameworks */,
				5FEFD54A2723840C009D31F6 /* FirebaseMLModelDownloader in Frameworks */,
			);
			runOnlyForDeploymentPostprocessing = 0;
		};
/* End PBXFrameworksBuildPhase section */

/* Begin PBXGroup section */
		5F332617274F0C9D0032F259 /* More */ = {
			isa = PBXGroup;
			children = (
				3F4B9E102745ABE100B546B4 /* MoreView.swift */,
				3F4B9E122745B13500B546B4 /* SettingsView.swift */,
				5F332618274F0CDB0032F259 /* ImagePicker.swift */,
				5F33261A274F0D570032F259 /* ProfileView.swift */,
			);
			path = More;
			sourceTree = "<group>";
		};
		5F4FF9312720F40200365296 = {
			isa = PBXGroup;
			children = (
				5F4FF93C2720F40200365296 /* Her-Tech-Connect */,
				5F4FF93B2720F40200365296 /* Products */,
			);
			sourceTree = "<group>";
		};
		5F4FF93B2720F40200365296 /* Products */ = {
			isa = PBXGroup;
			children = (
				5F4FF93A2720F40200365296 /* Her-Tech-Connect.app */,
			);
			name = Products;
			sourceTree = "<group>";
		};
		5F4FF93C2720F40200365296 /* Her-Tech-Connect */ = {
			isa = PBXGroup;
			children = (
				5FFB5E7427603FC100DB62C4 /* ShoutOut */,
				5F332617274F0C9D0032F259 /* More */,
				5F9CDF42273864D9009165D2 /* Network */,
				5FEFD56727277FE0009D31F6 /* Models */,
				5FEFD56427277F1D009D31F6 /* Database Interaction */,
				5FEFD53F27224031009D31F6 /* Authentication */,
				5F4FF94C2720F48100365296 /* GoogleService-Info.plist */,
				5F4FF93D2720F40200365296 /* Her_Tech_ConnectApp.swift */,
				5F4FF93F2720F40200365296 /* ContentView.swift */,
				5F4FF9412720F40400365296 /* Assets.xcassets */,
				5F4FF9462720F40400365296 /* Info.plist */,
				5F4FF9432720F40400365296 /* Preview Content */,
				5FEFD56227248F36009D31F6 /* HomePage.swift */,
				3FF1A2B427261FEC0041E4AA /* EventView.swift */,
				3FF1A2B827262C140041E4AA /* TabTest.swift */,
				3F6BC35E2761508A0004B173 /* EventHandler.swift */,
				3FF1A2BC273070D80041E4AA /* MapViewModel.swift */,
				3FA5AA9D274EC9F3003591DA /* MapView.swift */,
				3F2EAC872738E85700FCE80B /* AricaDesignTest.swift */,
			);
			path = "Her-Tech-Connect";
			sourceTree = "<group>";
		};
		5F4FF9432720F40400365296 /* Preview Content */ = {
			isa = PBXGroup;
			children = (
				5F4FF9442720F40400365296 /* Preview Assets.xcassets */,
			);
			path = "Preview Content";
			sourceTree = "<group>";
		};
		5F9CDF42273864D9009165D2 /* Network */ = {
			isa = PBXGroup;
			children = (
				5F9CDF45273867F1009165D2 /* UserCard.swift */,
				5F9CDF492738A255009165D2 /* MessageView.swift */,
				5FE67EC72741B04E00F67451 /* MessageBubble.swift */,
				5F5702932747356B00C24AD9 /* ConnectionView.swift */,
				5F9CDF432738653E009165D2 /* NetworkView.swift */,
				5F57029527473A2200C24AD9 /* ConnectionCard.swift */,
			);
			path = Network;
			sourceTree = "<group>";
		};
		5FEFD53F27224031009D31F6 /* Authentication */ = {
			isa = PBXGroup;
			children = (
				5FEFD540272240E3009D31F6 /* LoginPage.swift */,
				5FEFD55E2723917C009D31F6 /* RegisterPage.swift */,
				5FEFD56027247D79009D31F6 /* AuthViewModel.swift */,
				5FEFD56A2728B073009D31F6 /* ResetPasswordPage.swift */,
				3F52D04427421ADB00463B3A /* SignInOrCreateAccountScreen.swift */,
			);
			path = Authentication;
			sourceTree = "<group>";
		};
		5FEFD56427277F1D009D31F6 /* Database Interaction */ = {
			isa = PBXGroup;
			children = (
				5FEFD56527277F4C009D31F6 /* UserHandler.swift */,
			);
			path = "Database Interaction";
			sourceTree = "<group>";
		};
		5FEFD56727277FE0009D31F6 /* Models */ = {
			isa = PBXGroup;
			children = (
				5FEFD56827278010009D31F6 /* User.swift */,
				5F9CDF4727386A47009165D2 /* RoundedImage.swift */,
				5FE67EC327418CBE00F67451 /* Message.swift */,
				5F9CDF4B2738AD23009165D2 /* ImageButton.swift */,
				5FE67EC52741965800F67451 /* Chat.swift */,
			);
			path = Models;
			sourceTree = "<group>";
		};
		5FFB5E7427603FC100DB62C4 /* ShoutOut */ = {
			isa = PBXGroup;
			children = (
				5FFB5E75276041C900DB62C4 /* ShoutOutCard.swift */,
				5FFB5E772760441E00DB62C4 /* ShoutOutView.swift */,
				5F2FF4E92765257200931A18 /* AddShoutOut.swift */,
			);
			path = ShoutOut;
			sourceTree = "<group>";
		};
/* End PBXGroup section */

/* Begin PBXNativeTarget section */
		5F4FF9392720F40200365296 /* Her-Tech-Connect */ = {
			isa = PBXNativeTarget;
			buildConfigurationList = 5F4FF9492720F40400365296 /* Build configuration list for PBXNativeTarget "Her-Tech-Connect" */;
			buildPhases = (
				5F4FF9362720F40200365296 /* Sources */,
				5F4FF9372720F40200365296 /* Frameworks */,
				5F4FF9382720F40200365296 /* Resources */,
			);
			buildRules = (
			);
			dependencies = (
			);
			name = "Her-Tech-Connect";
			packageProductDependencies = (
				5FEFD5432723840C009D31F6 /* FirebaseInstallations */,
				5FEFD5452723840C009D31F6 /* FirebaseInAppMessagingSwift-Beta */,
				5FEFD5472723840C009D31F6 /* FirebaseMessaging */,
				5FEFD5492723840C009D31F6 /* FirebaseMLModelDownloader */,
				5FEFD54B2723840C009D31F6 /* FirebaseStorage */,
				5FEFD54D2723840C009D31F6 /* FirebaseAuth */,
				5FEFD54F2723840C009D31F6 /* FirebaseAnalytics */,
				5FEFD5512723840C009D31F6 /* FirebaseFirestore */,
				5FEFD5532723840C009D31F6 /* FirebaseDatabase */,
				5FEFD5552723840C009D31F6 /* FirebaseFunctions */,
				5FEFD5572723840C009D31F6 /* FirebaseCrashlytics */,
				5FEFD5592723840C009D31F6 /* FirebasePerformance */,
				5FEFD55B2723840C009D31F6 /* FirebaseRemoteConfig */,
			);
			productName = "Her-Tech-Connect";
			productReference = 5F4FF93A2720F40200365296 /* Her-Tech-Connect.app */;
			productType = "com.apple.product-type.application";
		};
/* End PBXNativeTarget section */

/* Begin PBXProject section */
		5F4FF9322720F40200365296 /* Project object */ = {
			isa = PBXProject;
			attributes = {
				LastSwiftUpdateCheck = 1250;
				LastUpgradeCheck = 1250;
				TargetAttributes = {
					5F4FF9392720F40200365296 = {
						CreatedOnToolsVersion = 12.5.1;
					};
				};
			};
			buildConfigurationList = 5F4FF9352720F40200365296 /* Build configuration list for PBXProject "Her-Tech-Connect" */;
			compatibilityVersion = "Xcode 9.3";
			developmentRegion = en;
			hasScannedForEncodings = 0;
			knownRegions = (
				en,
				Base,
			);
			mainGroup = 5F4FF9312720F40200365296;
			packageReferences = (
				5FEFD5422723840C009D31F6 /* XCRemoteSwiftPackageReference "firebase-ios-sdk" */,
			);
			productRefGroup = 5F4FF93B2720F40200365296 /* Products */;
			projectDirPath = "";
			projectRoot = "";
			targets = (
				5F4FF9392720F40200365296 /* Her-Tech-Connect */,
			);
		};
/* End PBXProject section */

/* Begin PBXResourcesBuildPhase section */
		5F4FF9382720F40200365296 /* Resources */ = {
			isa = PBXResourcesBuildPhase;
			buildActionMask = 2147483647;
			files = (
				5F4FF9452720F40400365296 /* Preview Assets.xcassets in Resources */,
				5F4FF9422720F40400365296 /* Assets.xcassets in Resources */,
				5F4FF94D2720F48100365296 /* GoogleService-Info.plist in Resources */,
			);
			runOnlyForDeploymentPostprocessing = 0;
		};
/* End PBXResourcesBuildPhase section */

/* Begin PBXSourcesBuildPhase section */
		5F4FF9362720F40200365296 /* Sources */ = {
			isa = PBXSourcesBuildPhase;
			buildActionMask = 2147483647;
			files = (
				3F4B9E132745B13500B546B4 /* SettingsView.swift in Sources */,
				5F9CDF4C2738AD23009165D2 /* ImageButton.swift in Sources */,
				5FEFD56127247D79009D31F6 /* AuthViewModel.swift in Sources */,
				3FF1A2B527261FEC0041E4AA /* EventView.swift in Sources */,
				5FFB5E76276041C900DB62C4 /* ShoutOutCard.swift in Sources */,
				3F52D04527421ADB00463B3A /* SignInOrCreateAccountScreen.swift in Sources */,
				5FEFD56327248F36009D31F6 /* HomePage.swift in Sources */,
				5F4FF9402720F40200365296 /* ContentView.swift in Sources */,
				3FA5AA9E274EC9F3003591DA /* MapView.swift in Sources */,
				5FEFD56627277F4C009D31F6 /* UserHandler.swift in Sources */,
				5FEFD541272240E3009D31F6 /* LoginPage.swift in Sources */,
				5F9CDF442738653E009165D2 /* NetworkView.swift in Sources */,
				5F33261B274F0D570032F259 /* ProfileView.swift in Sources */,
				5FEFD56B2728B073009D31F6 /* ResetPasswordPage.swift in Sources */,
				5F5702942747356B00C24AD9 /* ConnectionView.swift in Sources */,
				5F4FF93E2720F40200365296 /* Her_Tech_ConnectApp.swift in Sources */,
				5FE67EC82741B04E00F67451 /* MessageBubble.swift in Sources */,
				5FFB5E782760442000DB62C4 /* ShoutOutView.swift in Sources */,
				5FEFD55F2723917C009D31F6 /* RegisterPage.swift in Sources */,
				5F57029627473A2200C24AD9 /* ConnectionCard.swift in Sources */,
				5F2FF4EA2765257200931A18 /* AddShoutOut.swift in Sources */,
				5F332619274F0CDB0032F259 /* ImagePicker.swift in Sources */,
				3F6BC35F2761508A0004B173 /* EventHandler.swift in Sources */,
				5FEFD56927278010009D31F6 /* User.swift in Sources */,
				3FF1A2B927262C140041E4AA /* TabTest.swift in Sources */,
				5F9CDF4A2738A255009165D2 /* MessageView.swift in Sources */,
				3F2EAC882738E85700FCE80B /* AricaDesignTest.swift in Sources */,
				5FE67EC62741965800F67451 /* Chat.swift in Sources */,
				5F9CDF4827386A47009165D2 /* RoundedImage.swift in Sources */,
				5FE67EC427418CBE00F67451 /* Message.swift in Sources */,
				5F9CDF46273867F1009165D2 /* UserCard.swift in Sources */,
				3FF1A2BD273070D80041E4AA /* MapViewModel.swift in Sources */,
				3F4B9E112745ABE200B546B4 /* MoreView.swift in Sources */,
			);
			runOnlyForDeploymentPostprocessing = 0;
		};
/* End PBXSourcesBuildPhase section */

/* Begin XCBuildConfiguration section */
		5F4FF9472720F40400365296 /* Debug */ = {
			isa = XCBuildConfiguration;
			buildSettings = {
				ALWAYS_SEARCH_USER_PATHS = NO;
				CLANG_ANALYZER_NONNULL = YES;
				CLANG_ANALYZER_NUMBER_OBJECT_CONVERSION = YES_AGGRESSIVE;
				CLANG_CXX_LANGUAGE_STANDARD = "gnu++14";
				CLANG_CXX_LIBRARY = "libc++";
				CLANG_ENABLE_MODULES = YES;
				CLANG_ENABLE_OBJC_ARC = YES;
				CLANG_ENABLE_OBJC_WEAK = YES;
				CLANG_WARN_BLOCK_CAPTURE_AUTORELEASING = YES;
				CLANG_WARN_BOOL_CONVERSION = YES;
				CLANG_WARN_COMMA = YES;
				CLANG_WARN_CONSTANT_CONVERSION = YES;
				CLANG_WARN_DEPRECATED_OBJC_IMPLEMENTATIONS = YES;
				CLANG_WARN_DIRECT_OBJC_ISA_USAGE = YES_ERROR;
				CLANG_WARN_DOCUMENTATION_COMMENTS = YES;
				CLANG_WARN_EMPTY_BODY = YES;
				CLANG_WARN_ENUM_CONVERSION = YES;
				CLANG_WARN_INFINITE_RECURSION = YES;
				CLANG_WARN_INT_CONVERSION = YES;
				CLANG_WARN_NON_LITERAL_NULL_CONVERSION = YES;
				CLANG_WARN_OBJC_IMPLICIT_RETAIN_SELF = YES;
				CLANG_WARN_OBJC_LITERAL_CONVERSION = YES;
				CLANG_WARN_OBJC_ROOT_CLASS = YES_ERROR;
				CLANG_WARN_QUOTED_INCLUDE_IN_FRAMEWORK_HEADER = YES;
				CLANG_WARN_RANGE_LOOP_ANALYSIS = YES;
				CLANG_WARN_STRICT_PROTOTYPES = YES;
				CLANG_WARN_SUSPICIOUS_MOVE = YES;
				CLANG_WARN_UNGUARDED_AVAILABILITY = YES_AGGRESSIVE;
				CLANG_WARN_UNREACHABLE_CODE = YES;
				CLANG_WARN__DUPLICATE_METHOD_MATCH = YES;
				COPY_PHASE_STRIP = NO;
				DEBUG_INFORMATION_FORMAT = dwarf;
				ENABLE_STRICT_OBJC_MSGSEND = YES;
				ENABLE_TESTABILITY = YES;
				GCC_C_LANGUAGE_STANDARD = gnu11;
				GCC_DYNAMIC_NO_PIC = NO;
				GCC_NO_COMMON_BLOCKS = YES;
				GCC_OPTIMIZATION_LEVEL = 0;
				GCC_PREPROCESSOR_DEFINITIONS = (
					"DEBUG=1",
					"$(inherited)",
				);
				GCC_WARN_64_TO_32_BIT_CONVERSION = YES;
				GCC_WARN_ABOUT_RETURN_TYPE = YES_ERROR;
				GCC_WARN_UNDECLARED_SELECTOR = YES;
				GCC_WARN_UNINITIALIZED_AUTOS = YES_AGGRESSIVE;
				GCC_WARN_UNUSED_FUNCTION = YES;
				GCC_WARN_UNUSED_VARIABLE = YES;
				IPHONEOS_DEPLOYMENT_TARGET = 14.5;
				MTL_ENABLE_DEBUG_INFO = INCLUDE_SOURCE;
				MTL_FAST_MATH = YES;
				ONLY_ACTIVE_ARCH = YES;
				SDKROOT = iphoneos;
				SWIFT_ACTIVE_COMPILATION_CONDITIONS = DEBUG;
				SWIFT_OPTIMIZATION_LEVEL = "-Onone";
			};
			name = Debug;
		};
		5F4FF9482720F40400365296 /* Release */ = {
			isa = XCBuildConfiguration;
			buildSettings = {
				ALWAYS_SEARCH_USER_PATHS = NO;
				CLANG_ANALYZER_NONNULL = YES;
				CLANG_ANALYZER_NUMBER_OBJECT_CONVERSION = YES_AGGRESSIVE;
				CLANG_CXX_LANGUAGE_STANDARD = "gnu++14";
				CLANG_CXX_LIBRARY = "libc++";
				CLANG_ENABLE_MODULES = YES;
				CLANG_ENABLE_OBJC_ARC = YES;
				CLANG_ENABLE_OBJC_WEAK = YES;
				CLANG_WARN_BLOCK_CAPTURE_AUTORELEASING = YES;
				CLANG_WARN_BOOL_CONVERSION = YES;
				CLANG_WARN_COMMA = YES;
				CLANG_WARN_CONSTANT_CONVERSION = YES;
				CLANG_WARN_DEPRECATED_OBJC_IMPLEMENTATIONS = YES;
				CLANG_WARN_DIRECT_OBJC_ISA_USAGE = YES_ERROR;
				CLANG_WARN_DOCUMENTATION_COMMENTS = YES;
				CLANG_WARN_EMPTY_BODY = YES;
				CLANG_WARN_ENUM_CONVERSION = YES;
				CLANG_WARN_INFINITE_RECURSION = YES;
				CLANG_WARN_INT_CONVERSION = YES;
				CLANG_WARN_NON_LITERAL_NULL_CONVERSION = YES;
				CLANG_WARN_OBJC_IMPLICIT_RETAIN_SELF = YES;
				CLANG_WARN_OBJC_LITERAL_CONVERSION = YES;
				CLANG_WARN_OBJC_ROOT_CLASS = YES_ERROR;
				CLANG_WARN_QUOTED_INCLUDE_IN_FRAMEWORK_HEADER = YES;
				CLANG_WARN_RANGE_LOOP_ANALYSIS = YES;
				CLANG_WARN_STRICT_PROTOTYPES = YES;
				CLANG_WARN_SUSPICIOUS_MOVE = YES;
				CLANG_WARN_UNGUARDED_AVAILABILITY = YES_AGGRESSIVE;
				CLANG_WARN_UNREACHABLE_CODE = YES;
				CLANG_WARN__DUPLICATE_METHOD_MATCH = YES;
				COPY_PHASE_STRIP = NO;
				DEBUG_INFORMATION_FORMAT = "dwarf-with-dsym";
				ENABLE_NS_ASSERTIONS = NO;
				ENABLE_STRICT_OBJC_MSGSEND = YES;
				GCC_C_LANGUAGE_STANDARD = gnu11;
				GCC_NO_COMMON_BLOCKS = YES;
				GCC_WARN_64_TO_32_BIT_CONVERSION = YES;
				GCC_WARN_ABOUT_RETURN_TYPE = YES_ERROR;
				GCC_WARN_UNDECLARED_SELECTOR = YES;
				GCC_WARN_UNINITIALIZED_AUTOS = YES_AGGRESSIVE;
				GCC_WARN_UNUSED_FUNCTION = YES;
				GCC_WARN_UNUSED_VARIABLE = YES;
				IPHONEOS_DEPLOYMENT_TARGET = 14.5;
				MTL_ENABLE_DEBUG_INFO = NO;
				MTL_FAST_MATH = YES;
				SDKROOT = iphoneos;
				SWIFT_COMPILATION_MODE = wholemodule;
				SWIFT_OPTIMIZATION_LEVEL = "-O";
				VALIDATE_PRODUCT = YES;
			};
			name = Release;
		};
		5F4FF94A2720F40400365296 /* Debug */ = {
			isa = XCBuildConfiguration;
			buildSettings = {
				ASSETCATALOG_COMPILER_APPICON_NAME = AppIcon;
				ASSETCATALOG_COMPILER_GLOBAL_ACCENT_COLOR_NAME = AccentColor;
				CODE_SIGN_IDENTITY = "Apple Development";
				CODE_SIGN_STYLE = Automatic;
				DEVELOPMENT_ASSET_PATHS = "\"Her-Tech-Connect/Preview Content\"";
				DEVELOPMENT_TEAM = 3ZQJ35HR4K;
				ENABLE_PREVIEWS = YES;
				INFOPLIST_FILE = "Her-Tech-Connect/Info.plist";
				IPHONEOS_DEPLOYMENT_TARGET = 14.0;
				LD_RUNPATH_SEARCH_PATHS = (
					"$(inherited)",
					"@executable_path/Frameworks",
				);
				PRODUCT_BUNDLE_IDENTIFIER = edu.cascadia.mobas.htc;
				PRODUCT_NAME = "$(TARGET_NAME)";
				PROVISIONING_PROFILE_SPECIFIER = "";
				SWIFT_VERSION = 5.0;
				TARGETED_DEVICE_FAMILY = "1,2";
			};
			name = Debug;
		};
		5F4FF94B2720F40400365296 /* Release */ = {
			isa = XCBuildConfiguration;
			buildSettings = {
				ASSETCATALOG_COMPILER_APPICON_NAME = AppIcon;
				ASSETCATALOG_COMPILER_GLOBAL_ACCENT_COLOR_NAME = AccentColor;
				CODE_SIGN_IDENTITY = "Apple Development";
				CODE_SIGN_STYLE = Automatic;
				DEVELOPMENT_ASSET_PATHS = "\"Her-Tech-Connect/Preview Content\"";
				DEVELOPMENT_TEAM = 3ZQJ35HR4K;
				ENABLE_PREVIEWS = YES;
				INFOPLIST_FILE = "Her-Tech-Connect/Info.plist";
				IPHONEOS_DEPLOYMENT_TARGET = 14.0;
				LD_RUNPATH_SEARCH_PATHS = (
					"$(inherited)",
					"@executable_path/Frameworks",
				);
				PRODUCT_BUNDLE_IDENTIFIER = edu.cascadia.mobas.htc;
				PRODUCT_NAME = "$(TARGET_NAME)";
				PROVISIONING_PROFILE_SPECIFIER = "";
				SWIFT_VERSION = 5.0;
				TARGETED_DEVICE_FAMILY = "1,2";
			};
			name = Release;
		};
/* End XCBuildConfiguration section */

/* Begin XCConfigurationList section */
		5F4FF9352720F40200365296 /* Build configuration list for PBXProject "Her-Tech-Connect" */ = {
			isa = XCConfigurationList;
			buildConfigurations = (
				5F4FF9472720F40400365296 /* Debug */,
				5F4FF9482720F40400365296 /* Release */,
			);
			defaultConfigurationIsVisible = 0;
			defaultConfigurationName = Release;
		};
		5F4FF9492720F40400365296 /* Build configuration list for PBXNativeTarget "Her-Tech-Connect" */ = {
			isa = XCConfigurationList;
			buildConfigurations = (
				5F4FF94A2720F40400365296 /* Debug */,
				5F4FF94B2720F40400365296 /* Release */,
			);
			defaultConfigurationIsVisible = 0;
			defaultConfigurationName = Release;
		};
/* End XCConfigurationList section */

/* Begin XCRemoteSwiftPackageReference section */
		5FEFD5422723840C009D31F6 /* XCRemoteSwiftPackageReference "firebase-ios-sdk" */ = {
			isa = XCRemoteSwiftPackageReference;
			repositoryURL = "https://github.com/firebase/firebase-ios-sdk.git";
			requirement = {
				kind = upToNextMajorVersion;
				minimumVersion = 8.8.1;
			};
		};
/* End XCRemoteSwiftPackageReference section */

/* Begin XCSwiftPackageProductDependency section */
		5FEFD5432723840C009D31F6 /* FirebaseInstallations */ = {
			isa = XCSwiftPackageProductDependency;
			package = 5FEFD5422723840C009D31F6 /* XCRemoteSwiftPackageReference "firebase-ios-sdk" */;
			productName = FirebaseInstallations;
		};
		5FEFD5452723840C009D31F6 /* FirebaseInAppMessagingSwift-Beta */ = {
			isa = XCSwiftPackageProductDependency;
			package = 5FEFD5422723840C009D31F6 /* XCRemoteSwiftPackageReference "firebase-ios-sdk" */;
			productName = "FirebaseInAppMessagingSwift-Beta";
		};
		5FEFD5472723840C009D31F6 /* FirebaseMessaging */ = {
			isa = XCSwiftPackageProductDependency;
			package = 5FEFD5422723840C009D31F6 /* XCRemoteSwiftPackageReference "firebase-ios-sdk" */;
			productName = FirebaseMessaging;
		};
		5FEFD5492723840C009D31F6 /* FirebaseMLModelDownloader */ = {
			isa = XCSwiftPackageProductDependency;
			package = 5FEFD5422723840C009D31F6 /* XCRemoteSwiftPackageReference "firebase-ios-sdk" */;
			productName = FirebaseMLModelDownloader;
		};
		5FEFD54B2723840C009D31F6 /* FirebaseStorage */ = {
			isa = XCSwiftPackageProductDependency;
			package = 5FEFD5422723840C009D31F6 /* XCRemoteSwiftPackageReference "firebase-ios-sdk" */;
			productName = FirebaseStorage;
		};
		5FEFD54D2723840C009D31F6 /* FirebaseAuth */ = {
			isa = XCSwiftPackageProductDependency;
			package = 5FEFD5422723840C009D31F6 /* XCRemoteSwiftPackageReference "firebase-ios-sdk" */;
			productName = FirebaseAuth;
		};
		5FEFD54F2723840C009D31F6 /* FirebaseAnalytics */ = {
			isa = XCSwiftPackageProductDependency;
			package = 5FEFD5422723840C009D31F6 /* XCRemoteSwiftPackageReference "firebase-ios-sdk" */;
			productName = FirebaseAnalytics;
		};
		5FEFD5512723840C009D31F6 /* FirebaseFirestore */ = {
			isa = XCSwiftPackageProductDependency;
			package = 5FEFD5422723840C009D31F6 /* XCRemoteSwiftPackageReference "firebase-ios-sdk" */;
			productName = FirebaseFirestore;
		};
		5FEFD5532723840C009D31F6 /* FirebaseDatabase */ = {
			isa = XCSwiftPackageProductDependency;
			package = 5FEFD5422723840C009D31F6 /* XCRemoteSwiftPackageReference "firebase-ios-sdk" */;
			productName = FirebaseDatabase;
		};
		5FEFD5552723840C009D31F6 /* FirebaseFunctions */ = {
			isa = XCSwiftPackageProductDependency;
			package = 5FEFD5422723840C009D31F6 /* XCRemoteSwiftPackageReference "firebase-ios-sdk" */;
			productName = FirebaseFunctions;
		};
		5FEFD5572723840C009D31F6 /* FirebaseCrashlytics */ = {
			isa = XCSwiftPackageProductDependency;
			package = 5FEFD5422723840C009D31F6 /* XCRemoteSwiftPackageReference "firebase-ios-sdk" */;
			productName = FirebaseCrashlytics;
		};
		5FEFD5592723840C009D31F6 /* FirebasePerformance */ = {
			isa = XCSwiftPackageProductDependency;
			package = 5FEFD5422723840C009D31F6 /* XCRemoteSwiftPackageReference "firebase-ios-sdk" */;
			productName = FirebasePerformance;
		};
		5FEFD55B2723840C009D31F6 /* FirebaseRemoteConfig */ = {
			isa = XCSwiftPackageProductDependency;
			package = 5FEFD5422723840C009D31F6 /* XCRemoteSwiftPackageReference "firebase-ios-sdk" */;
			productName = FirebaseRemoteConfig;
		};
/* End XCSwiftPackageProductDependency section */
	};
	rootObject = 5F4FF9322720F40200365296 /* Project object */;
}
